
Microsoft Visual Studio Solution File, Format Version 12.00
# Visual Studio Version 16
VisualStudioVersion = 16.0.29411.108
MinimumVisualStudioVersion = 10.0.40219.1
Project("{FAE04EC0-301F-11D3-BF4B-00C04F79EFBC}") = "Open-Lab-03.3", "Open-Lab-03.3\Open-Lab-03.3.csproj", "{E3D6FABE-60B8-4BD2-A7E5-79B8A29E3E62}"
EndProject
Global
	GlobalSection(SolutionConfigurationPlatforms) = preSolution
		Debug|Any CPU = Debug|Any CPU
		Release|Any CPU = Release|Any CPU
	EndGlobalSection
	GlobalSection(ProjectConfigurationPlatforms) = postSolution
		{E3D6FABE-60B8-4BD2-A7E5-79B8A29E3E62}.Debug|Any CPU.ActiveCfg = Debug|Any CPU
		{E3D6FABE-60B8-4BD2-A7E5-79B8A29E3E62}.Debug|Any CPU.Build.0 = Debug|Any CPU
		{E3D6FABE-60B8-4BD2-A7E5-79B8A29E3E62}.Release|Any CPU.ActiveCfg = Release|Any CPU
		{E3D6FABE-60B8-4BD2-A7E5-79B8A29E3E62}.Release|Any CPU.Build.0 = Release|Any CPU
	EndGlobalSection
	GlobalSection(SolutionProperties) = preSolution
		HideSolutionNode = FALSE
	EndGlobalSection
	GlobalSection(ExtensibilityGlobals) = postSolution
		SolutionGuid = {AFB3664E-357C-405B-A261-0688AB6783E4}
	EndGlobalSection
EndGlobal
